{
  "name": "myIronhackProject",
  "version": "1.0.0",
  "lockfileVersion": 1,
  "requires": true,
  "dependencies": {
    "date-fns": {
      "version": "1.30.1",
      "resolved": "https://registry.npmjs.org/date-fns/-/date-fns-1.30.1.tgz",
      "integrity": "sha512-hBSVCvSmWC+QypYObzwGOd9wqdDpOt+0wl0KbU+R+uuZBS1jN8VsD1ss3irQDknRj5NvxiTF6oj/nDRnN/UQNw=="
    },
    "date-streaks": {
      "version": "1.2.1",
      "resolved": "https://registry.npmjs.org/date-streaks/-/date-streaks-1.2.1.tgz",
      "integrity": "sha512-DbLl1j+ilK0Z6C2ejeasU97/vnqV9GOAfYuqQzUWWdzLLJMdPG9yMTkQ1szIPrm0rBKutuzM32M/5hfs624zjQ==",
      "requires": {
        "date-fns": "1.30.1"
      }
    }
  }
}
